
Microsoft Visual Studio Solution File, Format Version 12.00
# Visual Studio Version 17
VisualStudioVersion = 17.11.35327.3
MinimumVisualStudioVersion = 10.0.40219.1
Project("{2150E333-8FDC-42A3-9474-1A3956D46DE8}") = "Services", "Services", "{10ECBD12-AD68-40AC-8254-D9DEFE860954}"
EndProject
Project("{2150E333-8FDC-42A3-9474-1A3956D46DE8}") = "Catalog", "Catalog", "{CED6DE61-C254-4FA6-8562-42F8C5BADAAC}"
EndProject
Project("{FAE04EC0-301F-11D3-BF4B-00C04F79EFBC}") = "Catalog.API", "..\src\Services\Catalog\Catalog.API\Catalog.API.csproj", "{924FB51E-74B9-4266-857B-4EE439ED124C}"
EndProject
Global
	GlobalSection(SolutionConfigurationPlatforms) = preSolution
		Debug|Any CPU = Debug|Any CPU
		Release|Any CPU = Release|Any CPU
	EndGlobalSection
	GlobalSection(ProjectConfigurationPlatforms) = postSolution
		{924FB51E-74B9-4266-857B-4EE439ED124C}.Debug|Any CPU.ActiveCfg = Debug|Any CPU
		{924FB51E-74B9-4266-857B-4EE439ED124C}.Debug|Any CPU.Build.0 = Debug|Any CPU
		{924FB51E-74B9-4266-857B-4EE439ED124C}.Release|Any CPU.ActiveCfg = Release|Any CPU
		{924FB51E-74B9-4266-857B-4EE439ED124C}.Release|Any CPU.Build.0 = Release|Any CPU
	EndGlobalSection
	GlobalSection(SolutionProperties) = preSolution
		HideSolutionNode = FALSE
	EndGlobalSection
	GlobalSection(NestedProjects) = preSolution
		{CED6DE61-C254-4FA6-8562-42F8C5BADAAC} = {10ECBD12-AD68-40AC-8254-D9DEFE860954}
		{924FB51E-74B9-4266-857B-4EE439ED124C} = {CED6DE61-C254-4FA6-8562-42F8C5BADAAC}
	EndGlobalSection
	GlobalSection(ExtensibilityGlobals) = postSolution
		SolutionGuid = {26FE0C6D-8711-496A-9C71-0E2ADC5A72A5}
	EndGlobalSection
EndGlobal
